
Microsoft Visual Studio Solution File, Format Version 12.00
# Visual Studio Version 16
VisualStudioVersion = 16.0.30104.148
MinimumVisualStudioVersion = 10.0.40219.1
Project("{FAE04EC0-301F-11D3-BF4B-00C04F79EFBC}") = "1486866GridViewDefs", "1486866GridViewDefs\1486866GridViewDefs.csproj", "{684F70FD-37F7-48B5-B6E2-02EDC864B6A5}"
EndProject
Global
	GlobalSection(SolutionConfigurationPlatforms) = preSolution
		Debug|x86 = Debug|x86
		Release|x86 = Release|x86
	EndGlobalSection
	GlobalSection(ProjectConfigurationPlatforms) = postSolution
		{684F70FD-37F7-48B5-B6E2-02EDC864B6A5}.Debug|x86.ActiveCfg = Debug|x86
		{684F70FD-37F7-48B5-B6E2-02EDC864B6A5}.Debug|x86.Build.0 = Debug|x86
		{684F70FD-37F7-48B5-B6E2-02EDC864B6A5}.Release|x86.ActiveCfg = Release|x86
		{684F70FD-37F7-48B5-B6E2-02EDC864B6A5}.Release|x86.Build.0 = Release|x86
	EndGlobalSection
	GlobalSection(SolutionProperties) = preSolution
		HideSolutionNode = FALSE
	EndGlobalSection
	GlobalSection(ExtensibilityGlobals) = postSolution
		SolutionGuid = {1D08F67D-E395-4A6D-B263-E652F0FCEAB7}
	EndGlobalSection
EndGlobal
